
Microsoft Visual Studio Solution File, Format Version 12.00
# Visual Studio Version 17
VisualStudioVersion = 17.7.34009.444
MinimumVisualStudioVersion = 10.0.40219.1
Project("{9A19103F-16F7-4668-BE54-9A1E7A4F7556}") = "StraightUpFax", "StraightUpFax\StraightUpFax.csproj", "{EB6F3DF1-19F0-49F5-9EDC-C5830557AA8E}"
EndProject
Project("{2150E333-8FDC-42A3-9474-1A3956D46DE8}") = "Projektmappenelemente", "Projektmappenelemente", "{A577E562-D452-4CA1-8C58-CBBDEF41B129}"
EndProject
Global
	GlobalSection(SolutionConfigurationPlatforms) = preSolution
		Debug|Any CPU = Debug|Any CPU
		Release|Any CPU = Release|Any CPU
	EndGlobalSection
	GlobalSection(ProjectConfigurationPlatforms) = postSolution
		{EB6F3DF1-19F0-49F5-9EDC-C5830557AA8E}.Debug|Any CPU.ActiveCfg = Debug|Any CPU
		{EB6F3DF1-19F0-49F5-9EDC-C5830557AA8E}.Debug|Any CPU.Build.0 = Debug|Any CPU
		{EB6F3DF1-19F0-49F5-9EDC-C5830557AA8E}.Release|Any CPU.ActiveCfg = Release|Any CPU
		{EB6F3DF1-19F0-49F5-9EDC-C5830557AA8E}.Release|Any CPU.Build.0 = Release|Any CPU
	EndGlobalSection
	GlobalSection(SolutionProperties) = preSolution
		HideSolutionNode = FALSE
	EndGlobalSection
	GlobalSection(ExtensibilityGlobals) = postSolution
		SolutionGuid = {CE376393-3451-476E-8C67-F87CDAB318FE}
	EndGlobalSection
EndGlobal
